{
  "nodes": {
    "flake-utils": {
      "locked": {
        "lastModified": 1649676176,
        "narHash": "sha256-OWKJratjt2RW151VUlJPRALb7OU2S5s+f0vLj4o1bHM=",
        "owner": "numtide",
        "repo": "flake-utils",
        "rev": "a4b154ebbdc88c8498a5c7b01589addc9e9cb678",
        "type": "github"
      },
      "original": {
        "owner": "numtide",
        "repo": "flake-utils",
        "type": "github"
      }
    },
    "flake-utils_2": {
      "locked": {
        "lastModified": 1649676176,
        "narHash": "sha256-OWKJratjt2RW151VUlJPRALb7OU2S5s+f0vLj4o1bHM=",
        "owner": "numtide",
        "repo": "flake-utils",
        "rev": "a4b154ebbdc88c8498a5c7b01589addc9e9cb678",
        "type": "github"
      },
      "original": {
        "owner": "numtide",
        "repo": "flake-utils",
        "type": "github"
      }
    },
    "nixpkgs": {
      "locked": {
        "lastModified": 1650042934,
        "narHash": "sha256-e4XgOI+/Tybrl/aIogVixyod1jdKIjV+zGrEQCDu9dM=",
        "owner": "NixOS",
        "repo": "nixpkgs",
        "rev": "ac83e58d622dddb4a64c526fe29f9c70c9f5eb62",
        "type": "github"
      },
      "original": {
        "owner": "NixOS",
        "repo": "nixpkgs",
        "type": "github"
      }
    },
    "nixpkgs_2": {
      "locked": {
        "lastModified": 1650042934,
        "narHash": "sha256-e4XgOI+/Tybrl/aIogVixyod1jdKIjV+zGrEQCDu9dM=",
        "owner": "NixOS",
        "repo": "nixpkgs",
        "rev": "ac83e58d622dddb4a64c526fe29f9c70c9f5eb62",
        "type": "github"
      },
      "original": {
        "owner": "NixOS",
        "repo": "nixpkgs",
        "type": "github"
      }
    },
    "poetry2nix": {
      "inputs": {
        "flake-utils": "flake-utils_2",
        "nixpkgs": "nixpkgs_2"
      },
      "locked": {
        "lastModified": 1650018057,
        "narHash": "sha256-jPQl+NfkINyUYCWKd+OjSt8eaYtLtiOgKFZnO4CRr6E=",
        "owner": "nix-community",
        "repo": "poetry2nix",
        "rev": "f1ceaa8608267a0aedc6d11c02386d62d8682af7",
        "type": "github"
      },
      "original": {
        "owner": "nix-community",
        "repo": "poetry2nix",
        "type": "github"
      }
    },
    "root": {
      "inputs": {
        "flake-utils": "flake-utils",
        "nixpkgs": "nixpkgs",
        "poetry2nix": "poetry2nix"
      }
    }
  },
  "root": "root",
  "version": 7
}
